{
  "version": 4,
  "terraform_version": "1.10.0",
  "serial": 7,
  "lineage": "68ecb420-5420-5eb0-29a6-923ac485f414",
  "outputs": {
    "role_arn": {
      "value": "arn:aws:iam::766331040498:role/stacks-sadmi-org-tf-stacks",
      "type": "string"
    }
  },
  "resources": [
    {
      "mode": "data",
      "type": "aws_iam_policy_document",
      "name": "stacks_role_policy",
      "provider": "provider[\"registry.terraform.io/hashicorp/aws\"]",
      "instances": [
        {
          "schema_version": 0,
          "attributes": {
            "id": "132017929",
            "json": "{\n  \"Version\": \"2012-10-17\",\n  \"Statement\": [\n    {\n      \"Effect\": \"Allow\",\n      \"Action\": \"sts:AssumeRoleWithWebIdentity\",\n      \"Principal\": {\n        \"Federated\": \"arn:aws:iam::766331040498:oidc-provider/app.terraform.io\"\n      },\n      \"Condition\": {\n        \"StringEquals\": {\n          \"app.terraform.io:aud\": \"aws.workload.identity\"\n        },\n        \"StringLike\": {\n          \"app.terraform.io:sub\": \"organization:sadmi-org:project:tf-stacks:stack:*:*\"\n        }\n      }\n    }\n  ]\n}",
            "minified_json": "{\"Version\":\"2012-10-17\",\"Statement\":[{\"Effect\":\"Allow\",\"Action\":\"sts:AssumeRoleWithWebIdentity\",\"Principal\":{\"Federated\":\"arn:aws:iam::766331040498:oidc-provider/app.terraform.io\"},\"Condition\":{\"StringEquals\":{\"app.terraform.io:aud\":\"aws.workload.identity\"},\"StringLike\":{\"app.terraform.io:sub\":\"organization:sadmi-org:project:tf-stacks:stack:*:*\"}}}]}",
            "override_json": null,
            "override_policy_documents": null,
            "policy_id": null,
            "source_json": null,
            "source_policy_documents": null,
            "statement": [
              {
                "actions": [
                  "sts:AssumeRoleWithWebIdentity"
                ],
                "condition": [
                  {
                    "test": "StringEquals",
                    "values": [
                      "aws.workload.identity"
                    ],
                    "variable": "app.terraform.io:aud"
                  },
                  {
                    "test": "StringLike",
                    "values": [
                      "organization:sadmi-org:project:tf-stacks:stack:*:*"
                    ],
                    "variable": "app.terraform.io:sub"
                  }
                ],
                "effect": "Allow",
                "not_actions": [],
                "not_principals": [],
                "not_resources": [],
                "principals": [
                  {
                    "identifiers": [
                      "arn:aws:iam::766331040498:oidc-provider/app.terraform.io"
                    ],
                    "type": "Federated"
                  }
                ],
                "resources": [],
                "sid": ""
              }
            ],
            "version": "2012-10-17"
          },
          "sensitive_attributes": []
        }
      ]
    },
    {
      "mode": "data",
      "type": "tls_certificate",
      "name": "tfc_certificate",
      "provider": "provider[\"registry.terraform.io/hashicorp/tls\"]",
      "instances": [
        {
          "schema_version": 0,
          "attributes": {
            "certificates": [
              {
                "cert_pem": "-----BEGIN CERTIFICATE-----\nMIIEkjCCA3qgAwIBAgITBn+USionzfP6wq4rAfkI7rnExjANBgkqhkiG9w0BAQsF\nADCBmDELMAkGA1UEBhMCVVMxEDAOBgNVBAgTB0FyaXpvbmExEzARBgNVBAcTClNj\nb3R0c2RhbGUxJTAjBgNVBAoTHFN0YXJmaWVsZCBUZWNobm9sb2dpZXMsIEluYy4x\nOzA5BgNVBAMTMlN0YXJmaWVsZCBTZXJ2aWNlcyBSb290IENlcnRpZmljYXRlIEF1\ndGhvcml0eSAtIEcyMB4XDTE1MDUyNTEyMDAwMFoXDTM3MTIzMTAxMDAwMFowOTEL\nMAkGA1UEBhMCVVMxDzANBgNVBAoTBkFtYXpvbjEZMBcGA1UEAxMQQW1hem9uIFJv\nb3QgQ0EgMTCCASIwDQYJKoZIhvcNAQEBBQADggEPADCCAQoCggEBALJ4gHHKeNXj\nca9HgFB0fW7Y14h29Jlo91ghYPl0hAEvrAIthtOgQ3pOsqTQNroBvo3bSMgHFzZM\n9O6II8c+6zf1tRn4SWiw3te5djgdYZ6k/oI2peVKVuRF4fn9tBb6dNqcmzU5L/qw\nIFAGbHrQgLKm+a/sRxmPUDgH3KKHOVj4utWp+UhnMJbulHheb4mjUcAwhmahRWa6\nVOujw5H5SNz/0egwLX0tdHA114gk957EWW67c4cX8jJGKLhD+rcdqsq08p8kDi1L\n93FcXmn/6pUCyziKrlA4b9v7LWIbxcceVOF34GfID5yHI9Y/QCB/IIDEgEw+OyQm\njgSubJrIqg0CAwEAAaOCATEwggEtMA8GA1UdEwEB/wQFMAMBAf8wDgYDVR0PAQH/\nBAQDAgGGMB0GA1UdDgQWBBSEGMyFNOy8DJSULghZnMeyEE4KCDAfBgNVHSMEGDAW\ngBScXwDfqgHXMCs4iKK4bUqc8hGRgzB4BggrBgEFBQcBAQRsMGowLgYIKwYBBQUH\nMAGGImh0dHA6Ly9vY3NwLnJvb3RnMi5hbWF6b250cnVzdC5jb20wOAYIKwYBBQUH\nMAKGLGh0dHA6Ly9jcnQucm9vdGcyLmFtYXpvbnRydXN0LmNvbS9yb290ZzIuY2Vy\nMD0GA1UdHwQ2MDQwMqAwoC6GLGh0dHA6Ly9jcmwucm9vdGcyLmFtYXpvbnRydXN0\nLmNvbS9yb290ZzIuY3JsMBEGA1UdIAQKMAgwBgYEVR0gADANBgkqhkiG9w0BAQsF\nAAOCAQEAYjdCXLwQtT6LLOkMm2xF4gcAevnFWAu5CIw+7bMlPLVvUOTNNWqnkzSW\nMiGpSESrnO09tKpzbeR/FoCJbM8oAxiDR3mjEH4wW6w7sGDgd9QIpuEdfF7Au/ma\neyKdpwAJfqxGF4PcnCZXmTA5YpaP7dreqsXMGz7KQ2hsVxa81Q4gLv7/wmpdLqBK\nbRRYh5TmOTFffHPLkIhqhBGWJ6bt2YFGpn6jcgAKUj6DiAdjd4lpFw85hdKrCEVN\n0FE6/V1dN2RMfjCyVSRCnTawXZwXgWHxyvkQAiSr6w10kY17RSlQOYiypok1JR4U\nakcjMS9cmvqtmg5iUaQqqcT5NJ0hGA==\n-----END CERTIFICATE-----\n",
                "is_ca": true,
                "issuer": "CN=Starfield Services Root Certificate Authority - G2,O=Starfield Technologies\\, Inc.,L=Scottsdale,ST=Arizona,C=US",
                "not_after": "2037-12-31T01:00:00Z",
                "not_before": "2015-05-25T12:00:00Z",
                "public_key_algorithm": "RSA",
                "serial_number": "144918191876577076464031512351042010504348870",
                "sha1_fingerprint": "06b25927c42a721631c1efd9431e648fa62e1e39",
                "signature_algorithm": "SHA256-RSA",
                "subject": "CN=Amazon Root CA 1,O=Amazon,C=US",
                "version": 3
              },
              {
                "cert_pem": "-----BEGIN CERTIFICATE-----\nMIIEXjCCA0agAwIBAgITB3MSTNQG0mfAmRzdKZqfODF5hTANBgkqhkiG9w0BAQsF\nADA5MQswCQYDVQQGEwJVUzEPMA0GA1UEChMGQW1hem9uMRkwFwYDVQQDExBBbWF6\nb24gUm9vdCBDQSAxMB4XDTIyMDgyMzIyMjYwNFoXDTMwMDgyMzIyMjYwNFowPDEL\nMAkGA1UEBhMCVVMxDzANBgNVBAoTBkFtYXpvbjEcMBoGA1UEAxMTQW1hem9uIFJT\nQSAyMDQ4IE0wMzCCASIwDQYJKoZIhvcNAQEBBQADggEPADCCAQoCggEBALd/pVko\n8vuM475Tf45HV3BbCl/B9Jy89G1CRkFjcPY06WA9lS+7dWbUA7GtWUKoksr69hKM\nwcMsNpxlw7b3jeXFgxB09/nmalcAWtnLzF+LaDKEA5DQmvKzuh1nfIfqEiKCQSmX\nXh09Xs+dO7cm5qbaL2hhNJCSAejciwcvOFgFNgEMR42wm6KIFHsQW28jhA+1u/M0\np6fVwReuEgZfLfdx82Px0LJck3lST3EB/JfbdsdOzzzg5YkY1dfuqf8y5fUeZ7Cz\nWXbTjujwX/TovmeWKA36VLCz75azW6tDNuDn66FOpADZZ9omVaF6BqNJiLMVl6P3\n/c0OiUMC6Z5OfKcCAwEAAaOCAVowggFWMBIGA1UdEwEB/wQIMAYBAf8CAQAwDgYD\nVR0PAQH/BAQDAgGGMB0GA1UdJQQWMBQGCCsGAQUFBwMBBggrBgEFBQcDAjAdBgNV\nHQ4EFgQUVdkYX9IczAHhWLS+q9lVQgHXLgIwHwYDVR0jBBgwFoAUhBjMhTTsvAyU\nlC4IWZzHshBOCggwewYIKwYBBQUHAQEEbzBtMC8GCCsGAQUFBzABhiNodHRwOi8v\nb2NzcC5yb290Y2ExLmFtYXpvbnRydXN0LmNvbTA6BggrBgEFBQcwAoYuaHR0cDov\nL2NydC5yb290Y2ExLmFtYXpvbnRydXN0LmNvbS9yb290Y2ExLmNlcjA/BgNVHR8E\nODA2MDSgMqAwhi5odHRwOi8vY3JsLnJvb3RjYTEuYW1hem9udHJ1c3QuY29tL3Jv\nb3RjYTEuY3JsMBMGA1UdIAQMMAowCAYGZ4EMAQIBMA0GCSqGSIb3DQEBCwUAA4IB\nAQAGjeWm2cC+3z2MzSCnte46/7JZvj3iQZDY7EvODNdZF41n71Lrk9kbfNwerK0d\nVNzW36Wefr7j7ZSwBVg50W5ay65jNSN74TTQV1yt4WnSbVvN6KlMs1hiyOZdoHKs\nKDV2UGNxbdoBYCQNa2GYF8FQIWLugNp35aSOpMy6cFlymFQomIrnOQHwK1nvVY4q\nxDSJMU/gNJz17D8ArPN3ngnyZ2TwepJ0uBINz3G5te2rdFUF4i4Y3Bb7FUlHDYm4\nu8aIRGpk2ZpfXmxaoxnbIBZRvGLPSUuPwnwoUOMsJ8jirI5vs2dvchPb7MtI1rle\ni02f2ivH2vxkjDLltSpe2fiC\n-----END CERTIFICATE-----\n",
                "is_ca": true,
                "issuer": "CN=Amazon Root CA 1,O=Amazon,C=US",
                "not_after": "2030-08-23T22:26:04Z",
                "not_before": "2022-08-23T22:26:04Z",
                "public_key_algorithm": "RSA",
                "serial_number": "166129356476704345391986644047206454194698629",
                "sha1_fingerprint": "d9fe0a65fa00cabf61f5120d373a8135e1461f15",
                "signature_algorithm": "SHA256-RSA",
                "subject": "CN=Amazon RSA 2048 M03,O=Amazon,C=US",
                "version": 3
              },
              {
                "cert_pem": "-----BEGIN CERTIFICATE-----\nMIIGPzCCBSegAwIBAgIQDywusgqh6Ak/2bVxjuxj0jANBgkqhkiG9w0BAQsFADA8\nMQswCQYDVQQGEwJVUzEPMA0GA1UEChMGQW1hem9uMRwwGgYDVQQDExNBbWF6b24g\nUlNBIDIwNDggTTAzMB4XDTI0MTExMjAwMDAwMFoXDTI1MTIxMjIzNTk1OVowGzEZ\nMBcGA1UEAxMQYXBwLnRlcnJhZm9ybS5pbzCCASIwDQYJKoZIhvcNAQEBBQADggEP\nADCCAQoCggEBAMh2BZD7ppFlVPfk73hwX6XeeJgTKP/ZN8xY1iTe0u6avQed8wM3\nVDQE/yhS/bQG7bxGc9Tv2Ka1unLg5P6Qr4hJod6cT3y5SiN7/W6qViTHQvZE47ow\nAH0bKaAERg6/LafG6MZD2M/LITePOI1JGwTREwulbF24lY23+YZpFajL5A87aHoW\ngtgngUMgaI5XGLCPa/hfo7DdH5tLPY1uhhDOgn1pkFu53RZWY01iXAz04PWUodxz\nHG5RkAHXmoL3IJgF8UegD4g+N1YkzeyLuKtgP9lSWFBrfDbmVBigUN4/zRPN3Awa\nqktjOEmGExHWRP8v7oNLWgzyFTrr170eGv0CAwEAAaOCA1wwggNYMB8GA1UdIwQY\nMBaAFFXZGF/SHMwB4Vi0vqvZVUIB1y4CMB0GA1UdDgQWBBSwTefiyPSJFgVitw54\nVbp3OFNoSDCBjgYDVR0RBIGGMIGDghBhcHAudGVycmFmb3JtLmlvghNhZ2VudHMu\ndGVycmFmb3JtLmlvghRiaWxsaW5nLnRlcnJhZm9ybS5pb4ITYXRsYXMuaGFzaGlj\nb3JwLmNvbYIXYXJjaGl2aXN0Lmhhc2hpY29ycC5jb22CFmFyY2hpdmlzdC50ZXJy\nYWZvcm0uaW8wEwYDVR0gBAwwCjAIBgZngQwBAgEwDgYDVR0PAQH/BAQDAgWgMB0G\nA1UdJQQWMBQGCCsGAQUFBwMBBggrBgEFBQcDAjA7BgNVHR8ENDAyMDCgLqAshipo\ndHRwOi8vY3JsLnIybTAzLmFtYXpvbnRydXN0LmNvbS9yMm0wMy5jcmwwdQYIKwYB\nBQUHAQEEaTBnMC0GCCsGAQUFBzABhiFodHRwOi8vb2NzcC5yMm0wMy5hbWF6b250\ncnVzdC5jb20wNgYIKwYBBQUHMAKGKmh0dHA6Ly9jcnQucjJtMDMuYW1hem9udHJ1\nc3QuY29tL3IybTAzLmNlcjAMBgNVHRMBAf8EAjAAMIIBfQYKKwYBBAHWeQIEAgSC\nAW0EggFpAWcAdwAS8U40vVNyTIQGGcOPP3oT+Oe1YoeInG0wBYTr5YYmOgAAAZMe\nzNWvAAAEAwBIMEYCIQDKiWgSJYxTmN1vvLi8aRCohAW4utKGdPlQHAga4B26fQIh\nAMXBE0MfXF85jYsHDI5E2k/BwHhYSbiL6iETzOuyR139AHUAfVkeEuF4KnscYWd8\nXv340IdcFKBOlZ65Ay/ZDowuebgAAAGTHszV1gAABAMARjBEAiAZVAPBBOt6//0a\n/qvunBP6kU597QX2x7oDMkaDaSwU1wIgJ68d1/Q/1CPudrSkizVx/AfpNy7bQf1K\npNfE3XGYw5cAdQDm0jFjQHeMwRBBBtdxuc7B0kD2loSG+7qHMh39HjeOUAAAAZMe\nzNXyAAAEAwBGMEQCICn2Sa7zjIljLvZe24t3a6YWXQjiVYDeXDbG+ucvGXR9AiAq\n+dbGvGOEbSz0oD3uzqIrbajsKfS7ZP3ww7PC5PywhjANBgkqhkiG9w0BAQsFAAOC\nAQEAN2mbkJm+N36HTnYFMwi5dZsu16fU+F2pLa6w8aHaGJJ7+ly10IYg813N7Ydm\nbvlhLLGkP/C2kX6IuozLZUaVGD1Br5m4pnVUpQ4hQYOnFlY8mqm3iT5ST2Vte4zW\n7HPnbQYXm/fImvBkHzC2sndgjNu0B8zKIh7myLwwGVwdyxYVweRShTKpE7twVbr8\nyUDwHevT3e9dDtidTP1X/8Blb6HGro/eFlReI65UKURlJBeo+lST430rDO9AId2h\ntpq+bOOICU4HWD2DpgiUIXdKdhPX2OjrRm2c2Bh87TfEr/iHydCeQXfX3TcjtTyI\n7nZNjm3FMEaxCKFbAgkWVYzw4w==\n-----END CERTIFICATE-----\n",
                "is_ca": false,
                "issuer": "CN=Amazon RSA 2048 M03,O=Amazon,C=US",
                "not_after": "2025-12-12T23:59:59Z",
                "not_before": "2024-11-12T00:00:00Z",
                "public_key_algorithm": "RSA",
                "serial_number": "20167828095294548939921077366193677266",
                "sha1_fingerprint": "6a55f24dd3dd27ca0279d8dc517467a61fcc1ab9",
                "signature_algorithm": "SHA256-RSA",
                "subject": "CN=app.terraform.io",
                "version": 3
              }
            ],
            "content": null,
            "id": "ebb6b5e1bae10fcd4125dc26813af52dcd4695a9",
            "url": "https://app.terraform.io",
            "verify_chain": true
          },
          "sensitive_attributes": []
        }
      ]
    },
    {
      "mode": "managed",
      "type": "aws_iam_openid_connect_provider",
      "name": "stacks_openid_provider",
      "provider": "provider[\"registry.terraform.io/hashicorp/aws\"]",
      "instances": [
        {
          "schema_version": 0,
          "attributes": {
            "arn": "arn:aws:iam::766331040498:oidc-provider/app.terraform.io",
            "client_id_list": [
              "aws.workload.identity"
            ],
            "id": "arn:aws:iam::766331040498:oidc-provider/app.terraform.io",
            "tags": null,
            "tags_all": {},
            "thumbprint_list": [
              "06b25927c42a721631c1efd9431e648fa62e1e39"
            ],
            "url": "app.terraform.io"
          },
          "sensitive_attributes": [],
          "private": "bnVsbA==",
          "dependencies": [
            "data.tls_certificate.tfc_certificate"
          ]
        }
      ]
    },
    {
      "mode": "managed",
      "type": "aws_iam_role",
      "name": "stacks_role",
      "provider": "provider[\"registry.terraform.io/hashicorp/aws\"]",
      "instances": [
        {
          "schema_version": 0,
          "attributes": {
            "arn": "arn:aws:iam::766331040498:role/stacks-sadmi-org-tf-stacks",
            "assume_role_policy": "{\"Statement\":[{\"Action\":\"sts:AssumeRoleWithWebIdentity\",\"Condition\":{\"StringEquals\":{\"app.terraform.io:aud\":\"aws.workload.identity\"},\"StringLike\":{\"app.terraform.io:sub\":\"organization:sadmi-org:project:tf-stacks:stack:*:*\"}},\"Effect\":\"Allow\",\"Principal\":{\"Federated\":\"arn:aws:iam::766331040498:oidc-provider/app.terraform.io\"}}],\"Version\":\"2012-10-17\"}",
            "create_date": "2025-02-19T18:15:36Z",
            "description": "",
            "force_detach_policies": false,
            "id": "stacks-sadmi-org-tf-stacks",
            "inline_policy": [],
            "managed_policy_arns": [],
            "max_session_duration": 3600,
            "name": "stacks-sadmi-org-tf-stacks",
            "name_prefix": "",
            "path": "/",
            "permissions_boundary": "",
            "tags": null,
            "tags_all": {},
            "unique_id": "AROA3E3HDWLZEYWV7NNZB"
          },
          "sensitive_attributes": [],
          "private": "bnVsbA==",
          "dependencies": [
            "aws_iam_openid_connect_provider.stacks_openid_provider",
            "data.aws_iam_policy_document.stacks_role_policy",
            "data.tls_certificate.tfc_certificate"
          ]
        }
      ]
    },
    {
      "mode": "managed",
      "type": "aws_iam_role_policy_attachment",
      "name": "iam",
      "provider": "provider[\"registry.terraform.io/hashicorp/aws\"]",
      "instances": [
        {
          "schema_version": 0,
          "attributes": {
            "id": "stacks-sadmi-org-tf-stacks-20250219181537586200000001",
            "policy_arn": "arn:aws:iam::aws:policy/IAMFullAccess",
            "role": "stacks-sadmi-org-tf-stacks"
          },
          "sensitive_attributes": [],
          "private": "bnVsbA==",
          "dependencies": [
            "aws_iam_openid_connect_provider.stacks_openid_provider",
            "aws_iam_role.stacks_role",
            "data.aws_iam_policy_document.stacks_role_policy",
            "data.tls_certificate.tfc_certificate"
          ]
        }
      ]
    },
    {
      "mode": "managed",
      "type": "aws_iam_role_policy_attachment",
      "name": "sudo",
      "provider": "provider[\"registry.terraform.io/hashicorp/aws\"]",
      "instances": [
        {
          "schema_version": 0,
          "attributes": {
            "id": "stacks-sadmi-org-tf-stacks-20250219181537782600000002",
            "policy_arn": "arn:aws:iam::aws:policy/PowerUserAccess",
            "role": "stacks-sadmi-org-tf-stacks"
          },
          "sensitive_attributes": [],
          "private": "bnVsbA==",
          "dependencies": [
            "aws_iam_openid_connect_provider.stacks_openid_provider",
            "aws_iam_role.stacks_role",
            "data.aws_iam_policy_document.stacks_role_policy",
            "data.tls_certificate.tfc_certificate"
          ]
        }
      ]
    }
  ],
  "check_results": null
}
